
Microsoft Visual Studio Solution File, Format Version 12.00
# Visual Studio Version 16
VisualStudioVersion = 16.0.31515.178
MinimumVisualStudioVersion = 10.0.40219.1
Project("{8BC9CEB8-8B4A-11D0-8D11-00A0C91BC942}") = "Lab05_Jose_Avalos", "Lab05_Jose_Avalos\Lab05_Jose_Avalos.vcxproj", "{1CBBCAD0-CD0D-4080-BD42-DACB4D3FA82B}"
EndProject
Global
	GlobalSection(SolutionConfigurationPlatforms) = preSolution
		Debug|x64 = Debug|x64
		Debug|x86 = Debug|x86
		Release|x64 = Release|x64
		Release|x86 = Release|x86
	EndGlobalSection
	GlobalSection(ProjectConfigurationPlatforms) = postSolution
		{1CBBCAD0-CD0D-4080-BD42-DACB4D3FA82B}.Debug|x64.ActiveCfg = Debug|x64
		{1CBBCAD0-CD0D-4080-BD42-DACB4D3FA82B}.Debug|x64.Build.0 = Debug|x64
		{1CBBCAD0-CD0D-4080-BD42-DACB4D3FA82B}.Debug|x86.ActiveCfg = Debug|Win32
		{1CBBCAD0-CD0D-4080-BD42-DACB4D3FA82B}.Debug|x86.Build.0 = Debug|Win32
		{1CBBCAD0-CD0D-4080-BD42-DACB4D3FA82B}.Release|x64.ActiveCfg = Release|x64
		{1CBBCAD0-CD0D-4080-BD42-DACB4D3FA82B}.Release|x64.Build.0 = Release|x64
		{1CBBCAD0-CD0D-4080-BD42-DACB4D3FA82B}.Release|x86.ActiveCfg = Release|Win32
		{1CBBCAD0-CD0D-4080-BD42-DACB4D3FA82B}.Release|x86.Build.0 = Release|Win32
	EndGlobalSection
	GlobalSection(SolutionProperties) = preSolution
		HideSolutionNode = FALSE
	EndGlobalSection
	GlobalSection(ExtensibilityGlobals) = postSolution
		SolutionGuid = {DE654778-B3C5-4276-937F-BBDB87A59C50}
	EndGlobalSection
EndGlobal
